Microsoft Visual Studio Solution File, Format Version 11.00
# Visual Studio 2008

Project("{513F6DC0-ECEE-2E56-BF68-D01F6DADB434}") = "Endurance", "Assembly-CSharp-firstpass-vs.csproj", "{A741C839-BFA9-362A-C697-3FD8D32715D5}"
EndProject
Project("{513F6DC0-ECEE-2E56-BF68-D01F6DADB434}") = "Endurance", "Assembly-CSharp-vs.csproj", "{60F4D86B-F083-DDFD-823B-D089B8610DE0}"
EndProject
Project("{513F6DC0-ECEE-2E56-BF68-D01F6DADB434}") = "Endurance", "Assembly-CSharp-Editor-vs.csproj", "{B13ADBE9-D17D-18E1-2F9C-E914FA732CDA}"
EndProject
Global
	GlobalSection(SolutionConfigurationPlatforms) = preSolution
		Debug|Any CPU = Debug|Any CPU
		Release|Any CPU = Release|Any CPU
	EndGlobalSection
	GlobalSection(ProjectConfigurationPlatforms) = postSolution
		{A741C839-BFA9-362A-C697-3FD8D32715D5}.Debug|Any CPU.ActiveCfg = Debug|Any CPU
		{A741C839-BFA9-362A-C697-3FD8D32715D5}.Debug|Any CPU.Build.0 = Debug|Any CPU
		{A741C839-BFA9-362A-C697-3FD8D32715D5}.Release|Any CPU.ActiveCfg = Release|Any CPU
		{A741C839-BFA9-362A-C697-3FD8D32715D5}.Release|Any CPU.Build.0 = Release|Any CPU
		{60F4D86B-F083-DDFD-823B-D089B8610DE0}.Debug|Any CPU.ActiveCfg = Debug|Any CPU
		{60F4D86B-F083-DDFD-823B-D089B8610DE0}.Debug|Any CPU.Build.0 = Debug|Any CPU
		{60F4D86B-F083-DDFD-823B-D089B8610DE0}.Release|Any CPU.ActiveCfg = Release|Any CPU
		{60F4D86B-F083-DDFD-823B-D089B8610DE0}.Release|Any CPU.Build.0 = Release|Any CPU
		{B13ADBE9-D17D-18E1-2F9C-E914FA732CDA}.Debug|Any CPU.ActiveCfg = Debug|Any CPU
		{B13ADBE9-D17D-18E1-2F9C-E914FA732CDA}.Debug|Any CPU.Build.0 = Debug|Any CPU
		{B13ADBE9-D17D-18E1-2F9C-E914FA732CDA}.Release|Any CPU.ActiveCfg = Release|Any CPU
		{B13ADBE9-D17D-18E1-2F9C-E914FA732CDA}.Release|Any CPU.Build.0 = Release|Any CPU
	EndGlobalSection
	GlobalSection(SolutionProperties) = preSolution
		HideSolutionNode = FALSE
	EndGlobalSection
																																																																												GlobalSection(MonoDevelopProperties) = preSolution
		Policies = $0
		$0.TextStylePolicy = $1
		$1.FileWidth = 120
		$1.TabsToSpaces = False
		$1.EolMarker = Unix
		$1.inheritsSet = VisualStudio
		$1.inheritsScope = text/plain
		$1.scope = text/x-csharp
		$0.CSharpFormattingPolicy = $2
		$2.IndentSwitchBody = True
		$2.BeforeMethodDeclarationParentheses = False
		$2.BeforeMethodCallParentheses = False
		$2.BeforeConstructorDeclarationParentheses = False
		$2.NewLineBeforeConstructorInitializerColon = NewLine
		$2.NewLineAfterConstructorInitializerColon = SameLine
		$2.BeforeDelegateDeclarationParentheses = False
		$2.NewParentheses = False
		$2.SpacesBeforeBrackets = False
		$2.inheritsSet = Mono
		$2.inheritsScope = text/x-csharp
		$2.scope = text/x-csharp
		$0.TextStylePolicy = $3
		$3.FileWidth = 120
		$3.TabsToSpaces = False
		$3.EolMarker = Unix
		$3.inheritsSet = VisualStudio
		$3.inheritsScope = text/plain
		$3.scope = text/plain
	EndGlobalSection

EndGlobal
